
Microsoft Visual Studio Solution File, Format Version 12.00
# Visual Studio Version 18
VisualStudioVersion = 18.0.11012.119
MinimumVisualStudioVersion = 10.0.40219.1
Project("{FAE04EC0-301F-11D3-BF4B-00C04F79EFBC}") = "BracketHubWeb", "BracketHubWeb\BracketHubWeb.csproj", "{D2674A1E-928A-4C50-B0BF-75A39A5771ED}"
EndProject
Project("{FAE04EC0-301F-11D3-BF4B-00C04F79EFBC}") = "BracketHubAPI", "BracketHubAPI\BracketHubAPI.csproj", "{218F601A-B972-4E70-80B3-F322E04ED72E}"
EndProject
Project("{FAE04EC0-301F-11D3-BF4B-00C04F79EFBC}") = "BracketHubDatabase", "BracketHubDatabase\BracketHubDatabase.csproj", "{6C5692D9-4892-4AA8-B401-885824BD4BD6}"
EndProject
Project("{FAE04EC0-301F-11D3-BF4B-00C04F79EFBC}") = "BracketHubShared", "BracketHubShared\BracketHubShared.csproj", "{FA501052-1E04-45E8-A000-F0FFF27DAB64}"
EndProject
Global
	GlobalSection(SolutionConfigurationPlatforms) = preSolution
		Debug|Any CPU = Debug|Any CPU
		Release|Any CPU = Release|Any CPU
		Test|Any CPU = Test|Any CPU
	EndGlobalSection
	GlobalSection(ProjectConfigurationPlatforms) = postSolution
		{D2674A1E-928A-4C50-B0BF-75A39A5771ED}.Debug|Any CPU.ActiveCfg = Debug|Any CPU
		{D2674A1E-928A-4C50-B0BF-75A39A5771ED}.Debug|Any CPU.Build.0 = Debug|Any CPU
		{D2674A1E-928A-4C50-B0BF-75A39A5771ED}.Release|Any CPU.ActiveCfg = Release|Any CPU
		{D2674A1E-928A-4C50-B0BF-75A39A5771ED}.Release|Any CPU.Build.0 = Release|Any CPU
		{D2674A1E-928A-4C50-B0BF-75A39A5771ED}.Test|Any CPU.ActiveCfg = Test|Any CPU
		{D2674A1E-928A-4C50-B0BF-75A39A5771ED}.Test|Any CPU.Build.0 = Test|Any CPU
		{218F601A-B972-4E70-80B3-F322E04ED72E}.Debug|Any CPU.ActiveCfg = Debug|Any CPU
		{218F601A-B972-4E70-80B3-F322E04ED72E}.Debug|Any CPU.Build.0 = Debug|Any CPU
		{218F601A-B972-4E70-80B3-F322E04ED72E}.Release|Any CPU.ActiveCfg = Release|Any CPU
		{218F601A-B972-4E70-80B3-F322E04ED72E}.Release|Any CPU.Build.0 = Release|Any CPU
		{218F601A-B972-4E70-80B3-F322E04ED72E}.Test|Any CPU.ActiveCfg = Test|Any CPU
		{218F601A-B972-4E70-80B3-F322E04ED72E}.Test|Any CPU.Build.0 = Test|Any CPU
		{6C5692D9-4892-4AA8-B401-885824BD4BD6}.Debug|Any CPU.ActiveCfg = Debug|Any CPU
		{6C5692D9-4892-4AA8-B401-885824BD4BD6}.Debug|Any CPU.Build.0 = Debug|Any CPU
		{6C5692D9-4892-4AA8-B401-885824BD4BD6}.Release|Any CPU.ActiveCfg = Release|Any CPU
		{6C5692D9-4892-4AA8-B401-885824BD4BD6}.Release|Any CPU.Build.0 = Release|Any CPU
		{6C5692D9-4892-4AA8-B401-885824BD4BD6}.Test|Any CPU.ActiveCfg = Test|Any CPU
		{6C5692D9-4892-4AA8-B401-885824BD4BD6}.Test|Any CPU.Build.0 = Test|Any CPU
		{FA501052-1E04-45E8-A000-F0FFF27DAB64}.Debug|Any CPU.ActiveCfg = Debug|Any CPU
		{FA501052-1E04-45E8-A000-F0FFF27DAB64}.Debug|Any CPU.Build.0 = Debug|Any CPU
		{FA501052-1E04-45E8-A000-F0FFF27DAB64}.Release|Any CPU.ActiveCfg = Release|Any CPU
		{FA501052-1E04-45E8-A000-F0FFF27DAB64}.Release|Any CPU.Build.0 = Release|Any CPU
		{FA501052-1E04-45E8-A000-F0FFF27DAB64}.Test|Any CPU.ActiveCfg = Test|Any CPU
		{FA501052-1E04-45E8-A000-F0FFF27DAB64}.Test|Any CPU.Build.0 = Test|Any CPU
	EndGlobalSection
	GlobalSection(SolutionProperties) = preSolution
		HideSolutionNode = FALSE
	EndGlobalSection
	GlobalSection(ExtensibilityGlobals) = postSolution
		SolutionGuid = {8126CA7D-1E0F-484C-A204-899F22DDA104}
	EndGlobalSection
EndGlobal
